
Microsoft Visual Studio Solution File, Format Version 12.00
# Visual Studio Version 17
VisualStudioVersion = 17.7.34221.43
MinimumVisualStudioVersion = 10.0.40219.1
Project("{FAE04EC0-301F-11D3-BF4B-00C04F79EFBC}") = "MoneyConverter", "MoneyConverter\MoneyConverter.csproj", "{AEDD940B-1C79-4D4C-98C3-83DBC7491F2C}"
EndProject
Global
	GlobalSection(SolutionConfigurationPlatforms) = preSolution
		Debug|Any CPU = Debug|Any CPU
		Release|Any CPU = Release|Any CPU
	EndGlobalSection
	GlobalSection(ProjectConfigurationPlatforms) = postSolution
		{AEDD940B-1C79-4D4C-98C3-83DBC7491F2C}.Debug|Any CPU.ActiveCfg = Debug|Any CPU
		{AEDD940B-1C79-4D4C-98C3-83DBC7491F2C}.Debug|Any CPU.Build.0 = Debug|Any CPU
		{AEDD940B-1C79-4D4C-98C3-83DBC7491F2C}.Release|Any CPU.ActiveCfg = Release|Any CPU
		{AEDD940B-1C79-4D4C-98C3-83DBC7491F2C}.Release|Any CPU.Build.0 = Release|Any CPU
	EndGlobalSection
	GlobalSection(SolutionProperties) = preSolution
		HideSolutionNode = FALSE
	EndGlobalSection
	GlobalSection(ExtensibilityGlobals) = postSolution
		SolutionGuid = {37D2EA16-094A-451E-8D57-6A9699AAACA9}
	EndGlobalSection
EndGlobal
